
Microsoft Visual Studio Solution File, Format Version 12.00
# Visual Studio Version 16
VisualStudioVersion = 16.0.30611.23
MinimumVisualStudioVersion = 10.0.40219.1
Project("{9A19103F-16F7-4668-BE54-9A1E7A4F7556}") = "CanadaPostApi", "CanadaPostApi\CanadaPostApi.csproj", "{D7826513-DAD1-44C9-A302-A88E0683EC27}"
EndProject
Project("{9A19103F-16F7-4668-BE54-9A1E7A4F7556}") = "CanadaPostApiTest", "CanadaPostApiTest\CanadaPostApiTest.csproj", "{4298A308-CBEC-467F-89BE-0ABBB68CA47F}"
EndProject
Global
	GlobalSection(SolutionConfigurationPlatforms) = preSolution
		Debug|Any CPU = Debug|Any CPU
		Release|Any CPU = Release|Any CPU
	EndGlobalSection
	GlobalSection(ProjectConfigurationPlatforms) = postSolution
		{D7826513-DAD1-44C9-A302-A88E0683EC27}.Debug|Any CPU.ActiveCfg = Debug|Any CPU
		{D7826513-DAD1-44C9-A302-A88E0683EC27}.Debug|Any CPU.Build.0 = Debug|Any CPU
		{D7826513-DAD1-44C9-A302-A88E0683EC27}.Release|Any CPU.ActiveCfg = Release|Any CPU
		{D7826513-DAD1-44C9-A302-A88E0683EC27}.Release|Any CPU.Build.0 = Release|Any CPU
		{4298A308-CBEC-467F-89BE-0ABBB68CA47F}.Debug|Any CPU.ActiveCfg = Debug|Any CPU
		{4298A308-CBEC-467F-89BE-0ABBB68CA47F}.Debug|Any CPU.Build.0 = Debug|Any CPU
		{4298A308-CBEC-467F-89BE-0ABBB68CA47F}.Release|Any CPU.ActiveCfg = Release|Any CPU
		{4298A308-CBEC-467F-89BE-0ABBB68CA47F}.Release|Any CPU.Build.0 = Release|Any CPU
	EndGlobalSection
	GlobalSection(SolutionProperties) = preSolution
		HideSolutionNode = FALSE
	EndGlobalSection
	GlobalSection(ExtensibilityGlobals) = postSolution
		SolutionGuid = {90418642-2E93-4A37-A64C-F580D0E182A7}
	EndGlobalSection
EndGlobal
